
Microsoft Visual Studio Solution File, Format Version 12.00
# Visual Studio Version 16
VisualStudioVersion = 16.0.30907.101
MinimumVisualStudioVersion = 10.0.40219.1
Project("{FAE04EC0-301F-11D3-BF4B-00C04F79EFBC}") = "Emmer.Library", "Emmer.Library\Emmer.Library.csproj", "{C397F637-5D8D-49B2-8664-3E6C3222466F}"
EndProject
Project("{FAE04EC0-301F-11D3-BF4B-00C04F79EFBC}") = "Emmer.UnitTest", "Emmer.UnitTest\Emmer.UnitTest.csproj", "{B6C077AC-0F5E-46B8-A6C2-67B251129822}"
EndProject
Global
	GlobalSection(SolutionConfigurationPlatforms) = preSolution
		Debug|Any CPU = Debug|Any CPU
		Release|Any CPU = Release|Any CPU
	EndGlobalSection
	GlobalSection(ProjectConfigurationPlatforms) = postSolution
		{C397F637-5D8D-49B2-8664-3E6C3222466F}.Debug|Any CPU.ActiveCfg = Debug|Any CPU
		{C397F637-5D8D-49B2-8664-3E6C3222466F}.Debug|Any CPU.Build.0 = Debug|Any CPU
		{C397F637-5D8D-49B2-8664-3E6C3222466F}.Release|Any CPU.ActiveCfg = Release|Any CPU
		{C397F637-5D8D-49B2-8664-3E6C3222466F}.Release|Any CPU.Build.0 = Release|Any CPU
		{B6C077AC-0F5E-46B8-A6C2-67B251129822}.Debug|Any CPU.ActiveCfg = Debug|Any CPU
		{B6C077AC-0F5E-46B8-A6C2-67B251129822}.Debug|Any CPU.Build.0 = Debug|Any CPU
		{B6C077AC-0F5E-46B8-A6C2-67B251129822}.Release|Any CPU.ActiveCfg = Release|Any CPU
		{B6C077AC-0F5E-46B8-A6C2-67B251129822}.Release|Any CPU.Build.0 = Release|Any CPU
	EndGlobalSection
	GlobalSection(SolutionProperties) = preSolution
		HideSolutionNode = FALSE
	EndGlobalSection
	GlobalSection(ExtensibilityGlobals) = postSolution
		SolutionGuid = {CF3EF038-3B21-44AD-9B5A-548CCB3CA2E1}
	EndGlobalSection
EndGlobal
